
Microsoft Visual Studio Solution File, Format Version 12.00
# Visual Studio Version 16
VisualStudioVersion = 16.0.31205.134
MinimumVisualStudioVersion = 10.0.40219.1
Project("{8BC9CEB8-8B4A-11D0-8D11-00A0C91BC942}") = "DDLproject", "DDLproject.vcxproj", "{1064E451-C522-4A9E-9FEC-3B6125F1A550}"
EndProject
Global
	GlobalSection(SolutionConfigurationPlatforms) = preSolution
		Debug|x64 = Debug|x64
		Debug|x86 = Debug|x86
		Release|x64 = Release|x64
		Release|x86 = Release|x86
	EndGlobalSection
	GlobalSection(ProjectConfigurationPlatforms) = postSolution
		{1064E451-C522-4A9E-9FEC-3B6125F1A550}.Debug|x64.ActiveCfg = Debug|x64
		{1064E451-C522-4A9E-9FEC-3B6125F1A550}.Debug|x64.Build.0 = Debug|x64
		{1064E451-C522-4A9E-9FEC-3B6125F1A550}.Debug|x86.ActiveCfg = Debug|Win32
		{1064E451-C522-4A9E-9FEC-3B6125F1A550}.Debug|x86.Build.0 = Debug|Win32
		{1064E451-C522-4A9E-9FEC-3B6125F1A550}.Release|x64.ActiveCfg = Release|x64
		{1064E451-C522-4A9E-9FEC-3B6125F1A550}.Release|x64.Build.0 = Release|x64
		{1064E451-C522-4A9E-9FEC-3B6125F1A550}.Release|x86.ActiveCfg = Release|Win32
		{1064E451-C522-4A9E-9FEC-3B6125F1A550}.Release|x86.Build.0 = Release|Win32
	EndGlobalSection
	GlobalSection(SolutionProperties) = preSolution
		HideSolutionNode = FALSE
	EndGlobalSection
	GlobalSection(ExtensibilityGlobals) = postSolution
		SolutionGuid = {5B20301E-8318-4BED-9693-DAAB76E7477A}
	EndGlobalSection
EndGlobal
